
Microsoft Visual Studio Solution File, Format Version 12.00
# Visual Studio Version 17
VisualStudioVersion = 17.3.32825.248
MinimumVisualStudioVersion = 10.0.40219.1
Project("{FAE04EC0-301F-11D3-BF4B-00C04F79EFBC}") = "University_Registration", "University_Registration\University_Registration.csproj", "{68CFE566-9D26-4FB8-9CA9-364A69FB2BCC}"
EndProject
Global
	GlobalSection(SolutionConfigurationPlatforms) = preSolution
		Debug|Any CPU = Debug|Any CPU
		Release|Any CPU = Release|Any CPU
	EndGlobalSection
	GlobalSection(ProjectConfigurationPlatforms) = postSolution
		{68CFE566-9D26-4FB8-9CA9-364A69FB2BCC}.Debug|Any CPU.ActiveCfg = Debug|Any CPU
		{68CFE566-9D26-4FB8-9CA9-364A69FB2BCC}.Debug|Any CPU.Build.0 = Debug|Any CPU
		{68CFE566-9D26-4FB8-9CA9-364A69FB2BCC}.Release|Any CPU.ActiveCfg = Release|Any CPU
		{68CFE566-9D26-4FB8-9CA9-364A69FB2BCC}.Release|Any CPU.Build.0 = Release|Any CPU
	EndGlobalSection
	GlobalSection(SolutionProperties) = preSolution
		HideSolutionNode = FALSE
	EndGlobalSection
	GlobalSection(ExtensibilityGlobals) = postSolution
		SolutionGuid = {0D41D950-3EEB-4D8E-8C53-8F65B1F463D0}
	EndGlobalSection
EndGlobal
